// !$*UTF8*$!
{
	archiveVersion = 1;
	classes = {
	};
	objectVersion = 46;
	objects = {

/* Begin PBXBuildFile section */
		180859F81BCDF83F00D03032 /* FFParseFunction.swift in Sources */ = {isa = PBXBuildFile; fileRef = 180859F71BCDF83F00D03032 /* FFParseFunction.swift */; };
		1832FD591BCAB71F00E352D5 /* AppDelegate.swift in Sources */ = {isa = PBXBuildFile; fileRef = 1832FD581BCAB71F00E352D5 /* AppDelegate.swift */; };
		1832FD5B1BCAB71F00E352D5 /* ViewController.swift in Sources */ = {isa = PBXBuildFile; fileRef = 1832FD5A1BCAB71F00E352D5 /* ViewController.swift */; };
		1832FD5E1BCAB71F00E352D5 /* Main.storyboard in Resources */ = {isa = PBXBuildFile; fileRef = 1832FD5C1BCAB71F00E352D5 /* Main.storyboard */; };
		1832FD601BCAB71F00E352D5 /* Assets.xcassets in Resources */ = {isa = PBXBuildFile; fileRef = 1832FD5F1BCAB71F00E352D5 /* Assets.xcassets */; };
		1832FD6B1BCAB71F00E352D5 /* FFParseTvOSTests.swift in Sources */ = {isa = PBXBuildFile; fileRef = 1832FD6A1BCAB71F00E352D5 /* FFParseTvOSTests.swift */; };
		1832FD761BCAB71F00E352D5 /* FFParseTvOSUITests.swift in Sources */ = {isa = PBXBuildFile; fileRef = 1832FD751BCAB71F00E352D5 /* FFParseTvOSUITests.swift */; };
/* End PBXBuildFile section */

/* Begin PBXContainerItemProxy section */
		1832FD671BCAB71F00E352D5 /* PBXContainerItemProxy */ = {
			isa = PBXContainerItemProxy;
			containerPortal = 1832FD4D1BCAB71F00E352D5 /* Project object */;
			proxyType = 1;
			remoteGlobalIDString = 1832FD541BCAB71F00E352D5;
			remoteInfo = FFParseTvOS;
		};
		1832FD721BCAB71F00E352D5 /* PBXContainerItemProxy */ = {
			isa = PBXContainerItemProxy;
			containerPortal = 1832FD4D1BCAB71F00E352D5 /* Project object */;
			proxyType = 1;
			remoteGlobalIDString = 1832FD541BCAB71F00E352D5;
			remoteInfo = FFParseTvOS;
		};
/* End PBXContainerItemProxy section */

/* Begin PBXFileReference section */
		180859F71BCDF83F00D03032 /* FFParseFunction.swift */ = {isa = PBXFileReference; fileEncoding = 4; lastKnownFileType = sourcecode.swift; path = FFParseFunction.swift; sourceTree = "<group>"; };
		1832FD551BCAB71F00E352D5 /* FFParseTvOS.app */ = {isa = PBXFileReference; explicitFileType = wrapper.application; includeInIndex = 0; path = FFParseTvOS.app; sourceTree = BUILT_PRODUCTS_DIR; };
		1832FD581BCAB71F00E352D5 /* AppDelegate.swift */ = {isa = PBXFileReference; lastKnownFileType = sourcecode.swift; path = AppDelegate.swift; sourceTree = "<group>"; };
		1832FD5A1BCAB71F00E352D5 /* ViewController.swift */ = {isa = PBXFileReference; lastKnownFileType = sourcecode.swift; path = ViewController.swift; sourceTree = "<group>"; };
		1832FD5D1BCAB71F00E352D5 /* Base */ = {isa = PBXFileReference; lastKnownFileType = file.storyboard; name = Base; path = Base.lproj/Main.storyboard; sourceTree = "<group>"; };
		1832FD5F1BCAB71F00E352D5 /* Assets.xcassets */ = {isa = PBXFileReference; lastKnownFileType = folder.assetcatalog; path = Assets.xcassets; sourceTree = "<group>"; };
		1832FD611BCAB71F00E352D5 /* Info.plist */ = {isa = PBXFileReference; lastKnownFileType = text.plist.xml; path = Info.plist; sourceTree = "<group>"; };
		1832FD661BCAB71F00E352D5 /* FFParseTvOSTests.xctest */ = {isa = PBXFileReference; explicitFileType = wrapper.cfbundle; includeInIndex = 0; path = FFParseTvOSTests.xctest; sourceTree = BUILT_PRODUCTS_DIR; };
		1832FD6A1BCAB71F00E352D5 /* FFParseTvOSTests.swift */ = {isa = PBXFileReference; lastKnownFileType = sourcecode.swift; path = FFParseTvOSTests.swift; sourceTree = "<group>"; };
		1832FD6C1BCAB71F00E352D5 /* Info.plist */ = {isa = PBXFileReference; lastKnownFileType = text.plist.xml; path = Info.plist; sourceTree = "<group>"; };
		1832FD711BCAB71F00E352D5 /* FFParseTvOSUITests.xctest */ = {isa = PBXFileReference; explicitFileType = wrapper.cfbundle; includeInIndex = 0; path = FFParseTvOSUITests.xctest; sourceTree = BUILT_PRODUCTS_DIR; };
		1832FD751BCAB71F00E352D5 /* FFParseTvOSUITests.swift */ = {isa = PBXFileReference; lastKnownFileType = sourcecode.swift; path = FFParseTvOSUITests.swift; sourceTree = "<group>"; };
		1832FD771BCAB71F00E352D5 /* Info.plist */ = {isa = PBXFileReference; lastKnownFileType = text.plist.xml; path = Info.plist; sourceTree = "<group>"; };
/* End PBXFileReference section */

/* Begin PBXFrameworksBuildPhase section */
		1832FD521BCAB71F00E352D5 /* Frameworks */ = {
			isa = PBXFrameworksBuildPhase;
			buildActionMask = 2147483647;
			files = (
			);
			runOnlyForDeploymentPostprocessing = 0;
		};
		1832FD631BCAB71F00E352D5 /* Frameworks */ = {
			isa = PBXFrameworksBuildPhase;
			buildActionMask = 2147483647;
			files = (
			);
			runOnlyForDeploymentPostprocessing = 0;
		};
		1832FD6E1BCAB71F00E352D5 /* Frameworks */ = {
			isa = PBXFrameworksBuildPhase;
			buildActionMask = 2147483647;
			files = (
			);
			runOnlyForDeploymentPostprocessing = 0;
		};
/* End PBXFrameworksBuildPhase section */

/* Begin PBXGroup section */
		1832FD4C1BCAB71F00E352D5 = {
			isa = PBXGroup;
			children = (
				1832FD571BCAB71F00E352D5 /* FFParseTvOS */,
				1832FD691BCAB71F00E352D5 /* FFParseTvOSTests */,
				1832FD741BCAB71F00E352D5 /* FFParseTvOSUITests */,
				1832FD561BCAB71F00E352D5 /* Products */,
			);
			sourceTree = "<group>";
		};
		1832FD561BCAB71F00E352D5 /* Products */ = {
			isa = PBXGroup;
			children = (
				1832FD551BCAB71F00E352D5 /* FFParseTvOS.app */,
				1832FD661BCAB71F00E352D5 /* FFParseTvOSTests.xctest */,
				1832FD711BCAB71F00E352D5 /* FFParseTvOSUITests.xctest */,
			);
			name = Products;
			sourceTree = "<group>";
		};
		1832FD571BCAB71F00E352D5 /* FFParseTvOS */ = {
			isa = PBXGroup;
			children = (
				180859F71BCDF83F00D03032 /* FFParseFunction.swift */,
				1832FD581BCAB71F00E352D5 /* AppDelegate.swift */,
				1832FD5A1BCAB71F00E352D5 /* ViewController.swift */,
				1832FD5C1BCAB71F00E352D5 /* Main.storyboard */,
				1832FD611BCAB71F00E352D5 /* Info.plist */,
				1832FD5F1BCAB71F00E352D5 /* Assets.xcassets */,
			);
			path = FFParseTvOS;
			sourceTree = "<group>";
		};
		1832FD691BCAB71F00E352D5 /* FFParseTvOSTests */ = {
			isa = PBXGroup;
			children = (
				1832FD6A1BCAB71F00E352D5 /* FFParseTvOSTests.swift */,
				1832FD6C1BCAB71F00E352D5 /* Info.plist */,
			);
			path = FFParseTvOSTests;
			sourceTree = "<group>";
		};
		1832FD741BCAB71F00E352D5 /* FFParseTvOSUITests */ = {
			isa = PBXGroup;
			children = (
				1832FD751BCAB71F00E352D5 /* FFParseTvOSUITests.swift */,
				1832FD771BCAB71F00E352D5 /* Info.plist */,
			);
			path = FFParseTvOSUITests;
			sourceTree = "<group>";
		};
/* End PBXGroup section */

/* Begin PBXNativeTarget section */
		1832FD541BCAB71F00E352D5 /* FFParseTvOS */ = {
			isa = PBXNativeTarget;
			buildConfigurationList = 1832FD7A1BCAB71F00E352D5 /* Build configuration list for PBXNativeTarget "FFParseTvOS" */;
			buildPhases = (
				1832FD511BCAB71F00E352D5 /* Sources */,
				1832FD521BCAB71F00E352D5 /* Frameworks */,
				1832FD531BCAB71F00E352D5 /* Resources */,
			);
			buildRules = (
			);
			dependencies = (
			);
			name = FFParseTvOS;
			productName = FFParseTvOS;
			productReference = 1832FD551BCAB71F00E352D5 /* FFParseTvOS.app */;
			productType = "com.apple.product-type.application";
		};
		1832FD651BCAB71F00E352D5 /* FFParseTvOSTests */ = {
			isa = PBXNativeTarget;
			buildConfigurationList = 1832FD7D1BCAB71F00E352D5 /* Build configuration list for PBXNativeTarget "FFParseTvOSTests" */;
			buildPhases = (
				1832FD621BCAB71F00E352D5 /* Sources */,
				1832FD631BCAB71F00E352D5 /* Frameworks */,
				1832FD641BCAB71F00E352D5 /* Resources */,
			);
			buildRules = (
			);
			dependencies = (
				1832FD681BCAB71F00E352D5 /* PBXTargetDependency */,
			);
			name = FFParseTvOSTests;
			productName = FFParseTvOSTests;
			productReference = 1832FD661BCAB71F00E352D5 /* FFParseTvOSTests.xctest */;
			productType = "com.apple.product-type.bundle.unit-test";
		};
		1832FD701BCAB71F00E352D5 /* FFParseTvOSUITests */ = {
			isa = PBXNativeTarget;
			buildConfigurationList = 1832FD801BCAB71F00E352D5 /* Build configuration list for PBXNativeTarget "FFParseTvOSUITests" */;
			buildPhases = (
				1832FD6D1BCAB71F00E352D5 /* Sources */,
				1832FD6E1BCAB71F00E352D5 /* Frameworks */,
				1832FD6F1BCAB71F00E352D5 /* Resources */,
			);
			buildRules = (
			);
			dependencies = (
				1832FD731BCAB71F00E352D5 /* PBXTargetDependency */,
			);
			name = FFParseTvOSUITests;
			productName = FFParseTvOSUITests;
			productReference = 1832FD711BCAB71F00E352D5 /* FFParseTvOSUITests.xctest */;
			productType = "com.apple.product-type.bundle.ui-testing";
		};
/* End PBXNativeTarget section */

/* Begin PBXProject section */
		1832FD4D1BCAB71F00E352D5 /* Project object */ = {
			isa = PBXProject;
			attributes = {
				LastSwiftUpdateCheck = 0710;
				LastUpgradeCheck = 0710;
				ORGANIZATIONNAME = "Jorge Mendoza";
				TargetAttributes = {
					1832FD541BCAB71F00E352D5 = {
						CreatedOnToolsVersion = 7.1;
					};
					1832FD651BCAB71F00E352D5 = {
						CreatedOnToolsVersion = 7.1;
						TestTargetID = 1832FD541BCAB71F00E352D5;
					};
					1832FD701BCAB71F00E352D5 = {
						CreatedOnToolsVersion = 7.1;
						TestTargetID = 1832FD541BCAB71F00E352D5;
					};
				};
			};
			buildConfigurationList = 1832FD501BCAB71F00E352D5 /* Build configuration list for PBXProject "FFParseTvOS" */;
			compatibilityVersion = "Xcode 3.2";
			developmentRegion = English;
			hasScannedForEncodings = 0;
			knownRegions = (
				en,
				Base,
			);
			mainGroup = 1832FD4C1BCAB71F00E352D5;
			productRefGroup = 1832FD561BCAB71F00E352D5 /* Products */;
			projectDirPath = "";
			projectRoot = "";
			targets = (
				1832FD541BCAB71F00E352D5 /* FFParseTvOS */,
				1832FD651BCAB71F00E352D5 /* FFParseTvOSTests */,
				1832FD701BCAB71F00E352D5 /* FFParseTvOSUITests */,
			);
		};
/* End PBXProject section */

/* Begin PBXResourcesBuildPhase section */
		1832FD531BCAB71F00E352D5 /* Resources */ = {
			isa = PBXResourcesBuildPhase;
			buildActionMask = 2147483647;
			files = (
				1832FD601BCAB71F00E352D5 /* Assets.xcassets in Resources */,
				1832FD5E1BCAB71F00E352D5 /* Main.storyboard in Resources */,
			);
			runOnlyForDeploymentPostprocessing = 0;
		};
		1832FD641BCAB71F00E352D5 /* Resources */ = {
			isa = PBXResourcesBuildPhase;
			buildActionMask = 2147483647;
			files = (
			);
			runOnlyForDeploymentPostprocessing = 0;
		};
		1832FD6F1BCAB71F00E352D5 /* Resources */ = {
			isa = PBXResourcesBuildPhase;
			buildActionMask = 2147483647;
			files = (
			);
			runOnlyForDeploymentPostprocessing = 0;
		};
/* End PBXResourcesBuildPhase section */

/* Begin PBXSourcesBuildPhase section */
		1832FD511BCAB71F00E352D5 /* Sources */ = {
			isa = PBXSourcesBuildPhase;
			buildActionMask = 2147483647;
			files = (
				1832FD5B1BCAB71F00E352D5 /* ViewController.swift in Sources */,
				1832FD591BCAB71F00E352D5 /* AppDelegate.swift in Sources */,
				180859F81BCDF83F00D03032 /* FFParseFunction.swift in Sources */,
			);
			runOnlyForDeploymentPostprocessing = 0;
		};
		1832FD621BCAB71F00E352D5 /* Sources */ = {
			isa = PBXSourcesBuildPhase;
			buildActionMask = 2147483647;
			files = (
				1832FD6B1BCAB71F00E352D5 /* FFParseTvOSTests.swift in Sources */,
			);
			runOnlyForDeploymentPostprocessing = 0;
		};
		1832FD6D1BCAB71F00E352D5 /* Sources */ = {
			isa = PBXSourcesBuildPhase;
			buildActionMask = 2147483647;
			files = (
				1832FD761BCAB71F00E352D5 /* FFParseTvOSUITests.swift in Sources */,
			);
			runOnlyForDeploymentPostprocessing = 0;
		};
/* End PBXSourcesBuildPhase section */

/* Begin PBXTargetDependency section */
		1832FD681BCAB71F00E352D5 /* PBXTargetDependency */ = {
			isa = PBXTargetDependency;
			target = 1832FD541BCAB71F00E352D5 /* FFParseTvOS */;
			targetProxy = 1832FD671BCAB71F00E352D5 /* PBXContainerItemProxy */;
		};
		1832FD731BCAB71F00E352D5 /* PBXTargetDependency */ = {
			isa = PBXTargetDependency;
			target = 1832FD541BCAB71F00E352D5 /* FFParseTvOS */;
			targetProxy = 1832FD721BCAB71F00E352D5 /* PBXContainerItemProxy */;
		};
/* End PBXTargetDependency section */

/* Begin PBXVariantGroup section */
		1832FD5C1BCAB71F00E352D5 /* Main.storyboard */ = {
			isa = PBXVariantGroup;
			children = (
				1832FD5D1BCAB71F00E352D5 /* Base */,
			);
			name = Main.storyboard;
			sourceTree = "<group>";
		};
/* End PBXVariantGroup section */

/* Begin XCBuildConfiguration section */
		1832FD781BCAB71F00E352D5 /* Debug */ = {
			isa = XCBuildConfiguration;
			buildSettings = {
				ALWAYS_SEARCH_USER_PATHS = NO;
				CLANG_CXX_LANGUAGE_STANDARD = "gnu++0x";
				CLANG_CXX_LIBRARY = "libc++";
				CLANG_ENABLE_MODULES = YES;
				CLANG_ENABLE_OBJC_ARC = YES;
				CLANG_WARN_BOOL_CONVERSION = YES;
				CLANG_WARN_CONSTANT_CONVERSION = YES;
				CLANG_WARN_DIRECT_OBJC_ISA_USAGE = YES_ERROR;
				CLANG_WARN_EMPTY_BODY = YES;
				CLANG_WARN_ENUM_CONVERSION = YES;
				CLANG_WARN_INT_CONVERSION = YES;
				CLANG_WARN_OBJC_ROOT_CLASS = YES_ERROR;
				CLANG_WARN_UNREACHABLE_CODE = YES;
				CLANG_WARN__DUPLICATE_METHOD_MATCH = YES;
				COPY_PHASE_STRIP = NO;
				DEBUG_INFORMATION_FORMAT = dwarf;
				ENABLE_STRICT_OBJC_MSGSEND = YES;
				ENABLE_TESTABILITY = YES;
				GCC_C_LANGUAGE_STANDARD = gnu99;
				GCC_DYNAMIC_NO_PIC = NO;
				GCC_NO_COMMON_BLOCKS = YES;
				GCC_OPTIMIZATION_LEVEL = 0;
				GCC_PREPROCESSOR_DEFINITIONS = (
					"DEBUG=1",
					"$(inherited)",
				);
				GCC_WARN_64_TO_32_BIT_CONVERSION = YES;
				GCC_WARN_ABOUT_RETURN_TYPE = YES_ERROR;
				GCC_WARN_UNDECLARED_SELECTOR = YES;
				GCC_WARN_UNINITIALIZED_AUTOS = YES_AGGRESSIVE;
				GCC_WARN_UNUSED_FUNCTION = YES;
				GCC_WARN_UNUSED_VARIABLE = YES;
				MTL_ENABLE_DEBUG_INFO = YES;
				ONLY_ACTIVE_ARCH = YES;
				SDKROOT = appletvos;
				SWIFT_OPTIMIZATION_LEVEL = "-Onone";
				TARGETED_DEVICE_FAMILY = 3;
				TVOS_DEPLOYMENT_TARGET = 9.0;
			};
			name = Debug;
		};
		1832FD791BCAB71F00E352D5 /* Release */ = {
			isa = XCBuildConfiguration;
			buildSettings = {
				ALWAYS_SEARCH_USER_PATHS = NO;
				CLANG_CXX_LANGUAGE_STANDARD = "gnu++0x";
				CLANG_CXX_LIBRARY = "libc++";
				CLANG_ENABLE_MODULES = YES;
				CLANG_ENABLE_OBJC_ARC = YES;
				CLANG_WARN_BOOL_CONVERSION = YES;
				CLANG_WARN_CONSTANT_CONVERSION = YES;
				CLANG_WARN_DIRECT_OBJC_ISA_USAGE = YES_ERROR;
				CLANG_WARN_EMPTY_BODY = YES;
				CLANG_WARN_ENUM_CONVERSION = YES;
				CLANG_WARN_INT_CONVERSION = YES;
				CLANG_WARN_OBJC_ROOT_CLASS = YES_ERROR;
				CLANG_WARN_UNREACHABLE_CODE = YES;
				CLANG_WARN__DUPLICATE_METHOD_MATCH = YES;
				COPY_PHASE_STRIP = NO;
				DEBUG_INFORMATION_FORMAT = "dwarf-with-dsym";
				ENABLE_NS_ASSERTIONS = NO;
				ENABLE_STRICT_OBJC_MSGSEND = YES;
				GCC_C_LANGUAGE_STANDARD = gnu99;
				GCC_NO_COMMON_BLOCKS = YES;
				GCC_WARN_64_TO_32_BIT_CONVERSION = YES;
				GCC_WARN_ABOUT_RETURN_TYPE = YES_ERROR;
				GCC_WARN_UNDECLARED_SELECTOR = YES;
				GCC_WARN_UNINITIALIZED_AUTOS = YES_AGGRESSIVE;
				GCC_WARN_UNUSED_FUNCTION = YES;
				GCC_WARN_UNUSED_VARIABLE = YES;
				MTL_ENABLE_DEBUG_INFO = NO;
				SDKROOT = appletvos;
				TARGETED_DEVICE_FAMILY = 3;
				TVOS_DEPLOYMENT_TARGET = 9.0;
				VALIDATE_PRODUCT = YES;
			};
			name = Release;
		};
		1832FD7B1BCAB71F00E352D5 /* Debug */ = {
			isa = XCBuildConfiguration;
			buildSettings = {
				ASSETCATALOG_COMPILER_APPICON_NAME = "App Icon & Top Shelf Image";
				ASSETCATALOG_COMPILER_LAUNCHIMAGE_NAME = LaunchImage;
				FRAMEWORK_SEARCH_PATHS = (
					"$(inherited)",
					"$(PROJECT_DIR)",
				);
				INFOPLIST_FILE = FFParseTvOS/Info.plist;
				LD_RUNPATH_SEARCH_PATHS = "$(inherited) @executable_path/Frameworks";
				PRODUCT_BUNDLE_IDENTIFIER = JM.FFParseTvOS;
				PRODUCT_NAME = "$(TARGET_NAME)";
			};
			name = Debug;
		};
		1832FD7C1BCAB71F00E352D5 /* Release */ = {
			isa = XCBuildConfiguration;
			buildSettings = {
				ASSETCATALOG_COMPILER_APPICON_NAME = "App Icon & Top Shelf Image";
				ASSETCATALOG_COMPILER_LAUNCHIMAGE_NAME = LaunchImage;
				FRAMEWORK_SEARCH_PATHS = (
					"$(inherited)",
					"$(PROJECT_DIR)",
				);
				INFOPLIST_FILE = FFParseTvOS/Info.plist;
				LD_RUNPATH_SEARCH_PATHS = "$(inherited) @executable_path/Frameworks";
				PRODUCT_BUNDLE_IDENTIFIER = JM.FFParseTvOS;
				PRODUCT_NAME = "$(TARGET_NAME)";
			};
			name = Release;
		};
		1832FD7E1BCAB71F00E352D5 /* Debug */ = {
			isa = XCBuildConfiguration;
			buildSettings = {
				BUNDLE_LOADER = "$(TEST_HOST)";
				INFOPLIST_FILE = FFParseTvOSTests/Info.plist;
				LD_RUNPATH_SEARCH_PATHS = "$(inherited) @executable_path/Frameworks @loader_path/Frameworks";
				PRODUCT_BUNDLE_IDENTIFIER = JM.FFParseTvOSTests;
				PRODUCT_NAME = "$(TARGET_NAME)";
				TEST_HOST = "$(BUILT_PRODUCTS_DIR)/FFParseTvOS.app/FFParseTvOS";
			};
			name = Debug;
		};
		1832FD7F1BCAB71F00E352D5 /* Release */ = {
			isa = XCBuildConfiguration;
			buildSettings = {
				BUNDLE_LOADER = "$(TEST_HOST)";
				INFOPLIST_FILE = FFParseTvOSTests/Info.plist;
				LD_RUNPATH_SEARCH_PATHS = "$(inherited) @executable_path/Frameworks @loader_path/Frameworks";
				PRODUCT_BUNDLE_IDENTIFIER = JM.FFParseTvOSTests;
				PRODUCT_NAME = "$(TARGET_NAME)";
				TEST_HOST = "$(BUILT_PRODUCTS_DIR)/FFParseTvOS.app/FFParseTvOS";
			};
			name = Release;
		};
		1832FD811BCAB71F00E352D5 /* Debug */ = {
			isa = XCBuildConfiguration;
			buildSettings = {
				INFOPLIST_FILE = FFParseTvOSUITests/Info.plist;
				LD_RUNPATH_SEARCH_PATHS = "$(inherited) @executable_path/Frameworks @loader_path/Frameworks";
				PRODUCT_BUNDLE_IDENTIFIER = JM.FFParseTvOSUITests;
				PRODUCT_NAME = "$(TARGET_NAME)";
				TEST_TARGET_NAME = FFParseTvOS;
				USES_XCTRUNNER = YES;
			};
			name = Debug;
		};
		1832FD821BCAB71F00E352D5 /* Release */ = {
			isa = XCBuildConfiguration;
			buildSettings = {
				INFOPLIST_FILE = FFParseTvOSUITests/Info.plist;
				LD_RUNPATH_SEARCH_PATHS = "$(inherited) @executable_path/Frameworks @loader_path/Frameworks";
				PRODUCT_BUNDLE_IDENTIFIER = JM.FFParseTvOSUITests;
				PRODUCT_NAME = "$(TARGET_NAME)";
				TEST_TARGET_NAME = FFParseTvOS;
				USES_XCTRUNNER = YES;
			};
			name = Release;
		};
/* End XCBuildConfiguration section */

/* Begin XCConfigurationList section */
		1832FD501BCAB71F00E352D5 /* Build configuration list for PBXProject "FFParseTvOS" */ = {
			isa = XCConfigurationList;
			buildConfigurations = (
				1832FD781BCAB71F00E352D5 /* Debug */,
				1832FD791BCAB71F00E352D5 /* Release */,
			);
			defaultConfigurationIsVisible = 0;
			defaultConfigurationName = Release;
		};
		1832FD7A1BCAB71F00E352D5 /* Build configuration list for PBXNativeTarget "FFParseTvOS" */ = {
			isa = XCConfigurationList;
			buildConfigurations = (
				1832FD7B1BCAB71F00E352D5 /* Debug */,
				1832FD7C1BCAB71F00E352D5 /* Release */,
			);
			defaultConfigurationIsVisible = 0;
			defaultConfigurationName = Release;
		};
		1832FD7D1BCAB71F00E352D5 /* Build configuration list for PBXNativeTarget "FFParseTvOSTests" */ = {
			isa = XCConfigurationList;
			buildConfigurations = (
				1832FD7E1BCAB71F00E352D5 /* Debug */,
				1832FD7F1BCAB71F00E352D5 /* Release */,
			);
			defaultConfigurationIsVisible = 0;
			defaultConfigurationName = Release;
		};
		1832FD801BCAB71F00E352D5 /* Build configuration list for PBXNativeTarget "FFParseTvOSUITests" */ = {
			isa = XCConfigurationList;
			buildConfigurations = (
				1832FD811BCAB71F00E352D5 /* Debug */,
				1832FD821BCAB71F00E352D5 /* Release */,
			);
			defaultConfigurationIsVisible = 0;
			defaultConfigurationName = Release;
		};
/* End XCConfigurationList section */
	};
	rootObject = 1832FD4D1BCAB71F00E352D5 /* Project object */;
}
